
Microsoft Visual Studio Solution File, Format Version 12.00
# Visual Studio Version 17
VisualStudioVersion = 17.6.33829.357
MinimumVisualStudioVersion = 10.0.40219.1
Project("{FAE04EC0-301F-11D3-BF4B-00C04F79EFBC}") = "Ricerca Binaria", "Ricerca Binaria\Ricerca Binaria.csproj", "{172C24EB-07A1-466F-B900-920A57B84C13}"
EndProject
Global
	GlobalSection(SolutionConfigurationPlatforms) = preSolution
		Debug|Any CPU = Debug|Any CPU
		Release|Any CPU = Release|Any CPU
	EndGlobalSection
	GlobalSection(ProjectConfigurationPlatforms) = postSolution
		{172C24EB-07A1-466F-B900-920A57B84C13}.Debug|Any CPU.ActiveCfg = Debug|Any CPU
		{172C24EB-07A1-466F-B900-920A57B84C13}.Debug|Any CPU.Build.0 = Debug|Any CPU
		{172C24EB-07A1-466F-B900-920A57B84C13}.Release|Any CPU.ActiveCfg = Release|Any CPU
		{172C24EB-07A1-466F-B900-920A57B84C13}.Release|Any CPU.Build.0 = Release|Any CPU
	EndGlobalSection
	GlobalSection(SolutionProperties) = preSolution
		HideSolutionNode = FALSE
	EndGlobalSection
	GlobalSection(ExtensibilityGlobals) = postSolution
		SolutionGuid = {D025ED4A-A1D6-4E1D-A2B0-2C24EF5AD517}
	EndGlobalSection
EndGlobal
