
Microsoft Visual Studio Solution File, Format Version 12.00
# Visual Studio Version 17
VisualStudioVersion = 17.6.33829.357
MinimumVisualStudioVersion = 10.0.40219.1
Project("{FAE04EC0-301F-11D3-BF4B-00C04F79EFBC}") = "Stack in Cs", "Stack in Cs\Stack in Cs.csproj", "{E3439CB0-D405-4EF8-B9D5-BF784C0210DC}"
EndProject
Global
	GlobalSection(SolutionConfigurationPlatforms) = preSolution
		Debug|Any CPU = Debug|Any CPU
		Release|Any CPU = Release|Any CPU
	EndGlobalSection
	GlobalSection(ProjectConfigurationPlatforms) = postSolution
		{E3439CB0-D405-4EF8-B9D5-BF784C0210DC}.Debug|Any CPU.ActiveCfg = Debug|Any CPU
		{E3439CB0-D405-4EF8-B9D5-BF784C0210DC}.Debug|Any CPU.Build.0 = Debug|Any CPU
		{E3439CB0-D405-4EF8-B9D5-BF784C0210DC}.Release|Any CPU.ActiveCfg = Release|Any CPU
		{E3439CB0-D405-4EF8-B9D5-BF784C0210DC}.Release|Any CPU.Build.0 = Release|Any CPU
	EndGlobalSection
	GlobalSection(SolutionProperties) = preSolution
		HideSolutionNode = FALSE
	EndGlobalSection
	GlobalSection(ExtensibilityGlobals) = postSolution
		SolutionGuid = {125A9BF2-CCFA-48E4-A201-82C54344CE73}
	EndGlobalSection
EndGlobal
